
Microsoft Visual Studio Solution File, Format Version 12.00
# Visual Studio 2012
Project("{FAE04EC0-301F-11D3-BF4B-00C04F79EFBC}") = "LinkedList", "LinkedList\LinkedList.csproj", "{1715DBC8-E660-4A66-9FBB-E919A525380C}"
EndProject
Global
	GlobalSection(SolutionConfigurationPlatforms) = preSolution
		Debug|Any CPU = Debug|Any CPU
		Release|Any CPU = Release|Any CPU
	EndGlobalSection
	GlobalSection(ProjectConfigurationPlatforms) = postSolution
		{1715DBC8-E660-4A66-9FBB-E919A525380C}.Debug|Any CPU.ActiveCfg = Debug|Any CPU
		{1715DBC8-E660-4A66-9FBB-E919A525380C}.Debug|Any CPU.Build.0 = Debug|Any CPU
		{1715DBC8-E660-4A66-9FBB-E919A525380C}.Release|Any CPU.ActiveCfg = Release|Any CPU
		{1715DBC8-E660-4A66-9FBB-E919A525380C}.Release|Any CPU.Build.0 = Release|Any CPU
	EndGlobalSection
	GlobalSection(SolutionProperties) = preSolution
		HideSolutionNode = FALSE
	EndGlobalSection
EndGlobal
